{
  "lockfileVersion": 1,
  "workspaces": {
    "": {
      "name": "plantd-app",
      "devDependencies": {
        "@playwright/test": "^1.53.0",
      },
    },
  },
  "packages": {
    "@playwright/test": ["@playwright/test@1.53.0", "", { "dependencies": { "playwright": "1.53.0" }, "bin": { "playwright": "cli.js" } }, "sha512-15hjKreZDcp7t6TL/7jkAo6Df5STZN09jGiv5dbP9A6vMVncXRqE7/B2SncsyOwrkZRBH2i6/TPOL8BVmm3c7w=="],

    "fsevents": ["fsevents@2.3.2", "", { "os": "darwin" }, "sha512-xiqMQR4xAeHTuB9uWm+fFRcIOgKBMiOBP+eXiyT7jsgVCq1bkVygt00oASowB7EdtpOHaaPgKt812P9ab+DDKA=="],

    "playwright": ["playwright@1.53.0", "", { "dependencies": { "playwright-core": "1.53.0" }, "optionalDependencies": { "fsevents": "2.3.2" }, "bin": { "playwright": "cli.js" } }, "sha512-ghGNnIEYZC4E+YtclRn4/p6oYbdPiASELBIYkBXfaTVKreQUYbMUYQDwS12a8F0/HtIjr/CkGjtwABeFPGcS4Q=="],

    "playwright-core": ["playwright-core@1.53.0", "", { "bin": { "playwright-core": "cli.js" } }, "sha512-mGLg8m0pm4+mmtB7M89Xw/GSqoNC+twivl8ITteqvAndachozYe2ZA7srU6uleV1vEdAHYqjq+SV8SNxRRFYBw=="],
  }
}
